{
  "lockfileVersion": 1,
  "workspaces": {
    "": {},
    "packages/events": {
      "name": "__events",
      "version": "0.0.2",
      "dependencies": {
        "chalk": "^5.5.0",
        "date-fns": "^4.1.0",
        "ical.js": "^2.2.0",
        "zod": "^4.0.14",
      },
      "devDependencies": {
        "@types/node": "^24.2.0",
        "typescript": "^5.9.2",
      },
    },
  },
  "packages": {
    "@types/node": ["@types/node@24.2.1", "", { "dependencies": { "undici-types": "~7.10.0" } }, "sha512-DRh5K+ka5eJic8CjH7td8QpYEV6Zo10gfRkjHCO3weqZHWDtAaSTFtl4+VMqOJ4N5jcuhZ9/l+yy8rVgw7BQeQ=="],

    "__events": ["__events@workspace:packages/events"],

    "chalk": ["chalk@5.5.0", "", {}, "sha512-1tm8DTaJhPBG3bIkVeZt1iZM9GfSX2lzOeDVZH9R9ffRHpmHvxZ/QhgQH/aDTkswQVt+YHdXAdS/In/30OjCbg=="],

    "date-fns": ["date-fns@4.1.0", "", {}, "sha512-Ukq0owbQXxa/U3EGtsdVBkR1w7KOQ5gIBqdH2hkvknzZPYvBxb/aa6E8L7tmjFtkwZBu3UXBbjIgPo/Ez4xaNg=="],

    "ical.js": ["ical.js@2.2.1", "", {}, "sha512-yK/UlPbEs316igb/tjRgbFA8ZV75rCsBJp/hWOatpyaPNlgw0dGDmU+FoicOcwX4xXkeXOkYiOmCqNPFpNPkQg=="],

    "typescript": ["typescript@5.9.2", "", { "bin": { "tsc": "bin/tsc", "tsserver": "bin/tsserver" } }, "sha512-CWBzXQrc/qOkhidw1OzBTQuYRbfyxDXJMVJ1XNwUHGROVmuaeiEm3OslpZ1RV96d7SKKjZKrSJu3+t/xlw3R9A=="],

    "undici-types": ["undici-types@7.10.0", "", {}, "sha512-t5Fy/nfn+14LuOc2KNYg75vZqClpAiqscVvMygNnlsHBFpSXdJaYtXMcdNLpl/Qvc3P2cB3s6lOV51nqsFq4ag=="],

    "zod": ["zod@4.0.17", "", {}, "sha512-1PHjlYRevNxxdy2JZ8JcNAw7rX8V9P1AKkP+x/xZfxB0K5FYfuV+Ug6P/6NVSR2jHQ+FzDDoDHS04nYUsOIyLQ=="],
  }
}
